
Microsoft Visual Studio Solution File, Format Version 12.00
# Visual Studio Version 17
VisualStudioVersion = 17.10.34928.147
MinimumVisualStudioVersion = 10.0.40219.1
Project("{FAE04EC0-301F-11D3-BF4B-00C04F79EFBC}") = "CreateImmutableClass", "CreateImmutableClass\CreateImmutableClass.csproj", "{888BF578-922C-499B-B255-67E89A4D63AB}"
EndProject
Global
	GlobalSection(SolutionConfigurationPlatforms) = preSolution
		Debug|Any CPU = Debug|Any CPU
		Release|Any CPU = Release|Any CPU
	EndGlobalSection
	GlobalSection(ProjectConfigurationPlatforms) = postSolution
		{888BF578-922C-499B-B255-67E89A4D63AB}.Debug|Any CPU.ActiveCfg = Debug|Any CPU
		{888BF578-922C-499B-B255-67E89A4D63AB}.Debug|Any CPU.Build.0 = Debug|Any CPU
		{888BF578-922C-499B-B255-67E89A4D63AB}.Release|Any CPU.ActiveCfg = Release|Any CPU
		{888BF578-922C-499B-B255-67E89A4D63AB}.Release|Any CPU.Build.0 = Release|Any CPU
	EndGlobalSection
	GlobalSection(SolutionProperties) = preSolution
		HideSolutionNode = FALSE
	EndGlobalSection
	GlobalSection(ExtensibilityGlobals) = postSolution
		SolutionGuid = {BA42F06E-C101-4E42-841D-EC16C67FB424}
	EndGlobalSection
EndGlobal
