
Microsoft Visual Studio Solution File, Format Version 12.00
# Visual Studio Version 17
VisualStudioVersion = 17.10.34928.147
MinimumVisualStudioVersion = 10.0.40219.1
Project("{FAE04EC0-301F-11D3-BF4B-00C04F79EFBC}") = "GlobalConfigurationManager", "GlobalConfigurationManager\GlobalConfigurationManager.csproj", "{3611015B-B743-4B00-B8E1-76C8F71FF657}"
EndProject
Global
	GlobalSection(SolutionConfigurationPlatforms) = preSolution
		Debug|Any CPU = Debug|Any CPU
		Release|Any CPU = Release|Any CPU
	EndGlobalSection
	GlobalSection(ProjectConfigurationPlatforms) = postSolution
		{3611015B-B743-4B00-B8E1-76C8F71FF657}.Debug|Any CPU.ActiveCfg = Debug|Any CPU
		{3611015B-B743-4B00-B8E1-76C8F71FF657}.Debug|Any CPU.Build.0 = Debug|Any CPU
		{3611015B-B743-4B00-B8E1-76C8F71FF657}.Release|Any CPU.ActiveCfg = Release|Any CPU
		{3611015B-B743-4B00-B8E1-76C8F71FF657}.Release|Any CPU.Build.0 = Release|Any CPU
	EndGlobalSection
	GlobalSection(SolutionProperties) = preSolution
		HideSolutionNode = FALSE
	EndGlobalSection
	GlobalSection(ExtensibilityGlobals) = postSolution
		SolutionGuid = {A0572559-E89A-4F64-BF45-B7715BDAB351}
	EndGlobalSection
EndGlobal
