
Microsoft Visual Studio Solution File, Format Version 12.00
# Visual Studio Version 17
VisualStudioVersion = 17.10.34928.147
MinimumVisualStudioVersion = 10.0.40219.1
Project("{FAE04EC0-301F-11D3-BF4B-00C04F79EFBC}") = "BankAccountManagement", "BankAccountManagement.csproj", "{747F4E1A-F64B-4E26-AD79-4047F9315919}"
EndProject
Global
	GlobalSection(SolutionConfigurationPlatforms) = preSolution
		Debug|Any CPU = Debug|Any CPU
		Release|Any CPU = Release|Any CPU
	EndGlobalSection
	GlobalSection(ProjectConfigurationPlatforms) = postSolution
		{747F4E1A-F64B-4E26-AD79-4047F9315919}.Debug|Any CPU.ActiveCfg = Debug|Any CPU
		{747F4E1A-F64B-4E26-AD79-4047F9315919}.Debug|Any CPU.Build.0 = Debug|Any CPU
		{747F4E1A-F64B-4E26-AD79-4047F9315919}.Release|Any CPU.ActiveCfg = Release|Any CPU
		{747F4E1A-F64B-4E26-AD79-4047F9315919}.Release|Any CPU.Build.0 = Release|Any CPU
	EndGlobalSection
	GlobalSection(SolutionProperties) = preSolution
		HideSolutionNode = FALSE
	EndGlobalSection
	GlobalSection(ExtensibilityGlobals) = postSolution
		SolutionGuid = {604E2C2E-86D8-473F-A820-AA53E94D830F}
	EndGlobalSection
EndGlobal
