
Microsoft Visual Studio Solution File, Format Version 12.00
# Visual Studio Version 17
VisualStudioVersion = 17.10.34928.147
MinimumVisualStudioVersion = 10.0.40219.1
Project("{FAE04EC0-301F-11D3-BF4B-00C04F79EFBC}") = "SwappingObjects", "SwappingObjects.csproj", "{46949ADB-98A0-4098-BC16-EF84BA558475}"
EndProject
Global
	GlobalSection(SolutionConfigurationPlatforms) = preSolution
		Debug|Any CPU = Debug|Any CPU
		Release|Any CPU = Release|Any CPU
	EndGlobalSection
	GlobalSection(ProjectConfigurationPlatforms) = postSolution
		{46949ADB-98A0-4098-BC16-EF84BA558475}.Debug|Any CPU.ActiveCfg = Debug|Any CPU
		{46949ADB-98A0-4098-BC16-EF84BA558475}.Debug|Any CPU.Build.0 = Debug|Any CPU
		{46949ADB-98A0-4098-BC16-EF84BA558475}.Release|Any CPU.ActiveCfg = Release|Any CPU
		{46949ADB-98A0-4098-BC16-EF84BA558475}.Release|Any CPU.Build.0 = Release|Any CPU
	EndGlobalSection
	GlobalSection(SolutionProperties) = preSolution
		HideSolutionNode = FALSE
	EndGlobalSection
	GlobalSection(ExtensibilityGlobals) = postSolution
		SolutionGuid = {3A8A2CA2-56B3-48C3-A8A5-B9CD5E250E4D}
	EndGlobalSection
EndGlobal
