
Microsoft Visual Studio Solution File, Format Version 12.00
# Visual Studio Version 17
VisualStudioVersion = 17.10.34928.147
MinimumVisualStudioVersion = 10.0.40219.1
Project("{FAE04EC0-301F-11D3-BF4B-00C04F79EFBC}") = "ReturningCustomObjectfromMethod", "ReturningCustomObjectfromMethod\ReturningCustomObjectfromMethod.csproj", "{28E6FC63-C5F6-4E22-87A9-E667B3F45EBE}"
EndProject
Global
	GlobalSection(SolutionConfigurationPlatforms) = preSolution
		Debug|Any CPU = Debug|Any CPU
		Release|Any CPU = Release|Any CPU
	EndGlobalSection
	GlobalSection(ProjectConfigurationPlatforms) = postSolution
		{28E6FC63-C5F6-4E22-87A9-E667B3F45EBE}.Debug|Any CPU.ActiveCfg = Debug|Any CPU
		{28E6FC63-C5F6-4E22-87A9-E667B3F45EBE}.Debug|Any CPU.Build.0 = Debug|Any CPU
		{28E6FC63-C5F6-4E22-87A9-E667B3F45EBE}.Release|Any CPU.ActiveCfg = Release|Any CPU
		{28E6FC63-C5F6-4E22-87A9-E667B3F45EBE}.Release|Any CPU.Build.0 = Release|Any CPU
	EndGlobalSection
	GlobalSection(SolutionProperties) = preSolution
		HideSolutionNode = FALSE
	EndGlobalSection
	GlobalSection(ExtensibilityGlobals) = postSolution
		SolutionGuid = {ADD59D19-3E2A-4EB3-BC7F-655488B1747E}
	EndGlobalSection
EndGlobal
