
Microsoft Visual Studio Solution File, Format Version 12.00
# Visual Studio Version 17
VisualStudioVersion = 17.10.34928.147
MinimumVisualStudioVersion = 10.0.40219.1
Project("{FAE04EC0-301F-11D3-BF4B-00C04F79EFBC}") = "DeepCopyingMutableClasses", "DeepCopyingMutableClasses\DeepCopyingMutableClasses.csproj", "{7CF7E2BB-70F1-47F8-A0F2-FB493C67D69A}"
EndProject
Global
	GlobalSection(SolutionConfigurationPlatforms) = preSolution
		Debug|Any CPU = Debug|Any CPU
		Release|Any CPU = Release|Any CPU
	EndGlobalSection
	GlobalSection(ProjectConfigurationPlatforms) = postSolution
		{7CF7E2BB-70F1-47F8-A0F2-FB493C67D69A}.Debug|Any CPU.ActiveCfg = Debug|Any CPU
		{7CF7E2BB-70F1-47F8-A0F2-FB493C67D69A}.Debug|Any CPU.Build.0 = Debug|Any CPU
		{7CF7E2BB-70F1-47F8-A0F2-FB493C67D69A}.Release|Any CPU.ActiveCfg = Release|Any CPU
		{7CF7E2BB-70F1-47F8-A0F2-FB493C67D69A}.Release|Any CPU.Build.0 = Release|Any CPU
	EndGlobalSection
	GlobalSection(SolutionProperties) = preSolution
		HideSolutionNode = FALSE
	EndGlobalSection
	GlobalSection(ExtensibilityGlobals) = postSolution
		SolutionGuid = {83FAC290-EEAB-4326-BA66-C515832D5DE0}
	EndGlobalSection
EndGlobal
